// !$*UTF8*$!
{
	archiveVersion = 1;
	classes = {
	};
	objectVersion = 46;
	objects = {

/* Begin PBXBuildFile section */
		8D0970AA1EA3CB5C002B7993 /* AppDelegate.swift in Sources */ = {isa = PBXBuildFile; fileRef = 8D0970A91EA3CB5C002B7993 /* AppDelegate.swift */; };
		8D0970AC1EA3CB5C002B7993 /* ViewController.swift in Sources */ = {isa = PBXBuildFile; fileRef = 8D0970AB1EA3CB5C002B7993 /* ViewController.swift */; };
		8D0970AF1EA3CB5C002B7993 /* Main.storyboard in Resources */ = {isa = PBXBuildFile; fileRef = 8D0970AD1EA3CB5C002B7993 /* Main.storyboard */; };
		8D0970B11EA3CB5C002B7993 /* Assets.xcassets in Resources */ = {isa = PBXBuildFile; fileRef = 8D0970B01EA3CB5C002B7993 /* Assets.xcassets */; };
		8D0970B41EA3CB5C002B7993 /* LaunchScreen.storyboard in Resources */ = {isa = PBXBuildFile; fileRef = 8D0970B21EA3CB5C002B7993 /* LaunchScreen.storyboard */; };
		8D0970BD1EA3CE08002B7993 /* SpriteKit.framework in Frameworks */ = {isa = PBXBuildFile; fileRef = 8D0970BC1EA3CE08002B7993 /* SpriteKit.framework */; };
		8D0970BF1EA3D28B002B7993 /* GameScene.swift in Sources */ = {isa = PBXBuildFile; fileRef = 8D0970BE1EA3D28B002B7993 /* GameScene.swift */; };
/* End PBXBuildFile section */

/* Begin PBXFileReference section */
		8D0970A61EA3CB5C002B7993 /* FlappyBird.app */ = {isa = PBXFileReference; explicitFileType = wrapper.application; includeInIndex = 0; path = FlappyBird.app; sourceTree = BUILT_PRODUCTS_DIR; };
		8D0970A91EA3CB5C002B7993 /* AppDelegate.swift */ = {isa = PBXFileReference; lastKnownFileType = sourcecode.swift; path = AppDelegate.swift; sourceTree = "<group>"; };
		8D0970AB1EA3CB5C002B7993 /* ViewController.swift */ = {isa = PBXFileReference; lastKnownFileType = sourcecode.swift; path = ViewController.swift; sourceTree = "<group>"; };
		8D0970AE1EA3CB5C002B7993 /* Base */ = {isa = PBXFileReference; lastKnownFileType = file.storyboard; name = Base; path = Base.lproj/Main.storyboard; sourceTree = "<group>"; };
		8D0970B01EA3CB5C002B7993 /* Assets.xcassets */ = {isa = PBXFileReference; lastKnownFileType = folder.assetcatalog; path = Assets.xcassets; sourceTree = "<group>"; };
		8D0970B31EA3CB5C002B7993 /* Base */ = {isa = PBXFileReference; lastKnownFileType = file.storyboard; name = Base; path = Base.lproj/LaunchScreen.storyboard; sourceTree = "<group>"; };
		8D0970B51EA3CB5C002B7993 /* Info.plist */ = {isa = PBXFileReference; lastKnownFileType = text.plist.xml; path = Info.plist; sourceTree = "<group>"; };
		8D0970BC1EA3CE08002B7993 /* SpriteKit.framework */ = {isa = PBXFileReference; lastKnownFileType = wrapper.framework; name = SpriteKit.framework; path = System/Library/Frameworks/SpriteKit.framework; sourceTree = SDKROOT; };
		8D0970BE1EA3D28B002B7993 /* GameScene.swift */ = {isa = PBXFileReference; fileEncoding = 4; lastKnownFileType = sourcecode.swift; path = GameScene.swift; sourceTree = "<group>"; };
/* End PBXFileReference section */

/* Begin PBXFrameworksBuildPhase section */
		8D0970A31EA3CB5C002B7993 /* Frameworks */ = {
			isa = PBXFrameworksBuildPhase;
			buildActionMask = 2147483647;
			files = (
				8D0970BD1EA3CE08002B7993 /* SpriteKit.framework in Frameworks */,
			);
			runOnlyForDeploymentPostprocessing = 0;
		};
/* End PBXFrameworksBuildPhase section */

/* Begin PBXGroup section */
		8D09709D1EA3CB5C002B7993 = {
			isa = PBXGroup;
			children = (
				8D0970A81EA3CB5C002B7993 /* FlappyBird */,
				8D0970A71EA3CB5C002B7993 /* Products */,
				8D0970BB1EA3CE08002B7993 /* Frameworks */,
			);
			sourceTree = "<group>";
		};
		8D0970A71EA3CB5C002B7993 /* Products */ = {
			isa = PBXGroup;
			children = (
				8D0970A61EA3CB5C002B7993 /* FlappyBird.app */,
			);
			name = Products;
			sourceTree = "<group>";
		};
		8D0970A81EA3CB5C002B7993 /* FlappyBird */ = {
			isa = PBXGroup;
			children = (
				8D0970A91EA3CB5C002B7993 /* AppDelegate.swift */,
				8D0970AB1EA3CB5C002B7993 /* ViewController.swift */,
				8D0970AD1EA3CB5C002B7993 /* Main.storyboard */,
				8D0970B01EA3CB5C002B7993 /* Assets.xcassets */,
				8D0970BE1EA3D28B002B7993 /* GameScene.swift */,
				8D0970B21EA3CB5C002B7993 /* LaunchScreen.storyboard */,
				8D0970B51EA3CB5C002B7993 /* Info.plist */,
			);
			path = FlappyBird;
			sourceTree = "<group>";
		};
		8D0970BB1EA3CE08002B7993 /* Frameworks */ = {
			isa = PBXGroup;
			children = (
				8D0970BC1EA3CE08002B7993 /* SpriteKit.framework */,
			);
			name = Frameworks;
			sourceTree = "<group>";
		};
/* End PBXGroup section */

/* Begin PBXNativeTarget section */
		8D0970A51EA3CB5C002B7993 /* FlappyBird */ = {
			isa = PBXNativeTarget;
			buildConfigurationList = 8D0970B81EA3CB5C002B7993 /* Build configuration list for PBXNativeTarget "FlappyBird" */;
			buildPhases = (
				8D0970A21EA3CB5C002B7993 /* Sources */,
				8D0970A31EA3CB5C002B7993 /* Frameworks */,
				8D0970A41EA3CB5C002B7993 /* Resources */,
			);
			buildRules = (
			);
			dependencies = (
			);
			name = FlappyBird;
			productName = FlappyBird;
			productReference = 8D0970A61EA3CB5C002B7993 /* FlappyBird.app */;
			productType = "com.apple.product-type.application";
		};
/* End PBXNativeTarget section */

/* Begin PBXProject section */
		8D09709E1EA3CB5C002B7993 /* Project object */ = {
			isa = PBXProject;
			attributes = {
				LastSwiftUpdateCheck = 0830;
				LastUpgradeCheck = 0830;
				ORGANIZATIONNAME = ryunosuke.muramatsu;
				TargetAttributes = {
					8D0970A51EA3CB5C002B7993 = {
						CreatedOnToolsVersion = 8.3.1;
						DevelopmentTeam = 57323LB5J4;
						ProvisioningStyle = Automatic;
					};
				};
			};
			buildConfigurationList = 8D0970A11EA3CB5C002B7993 /* Build configuration list for PBXProject "FlappyBird" */;
			compatibilityVersion = "Xcode 3.2";
			developmentRegion = English;
			hasScannedForEncodings = 0;
			knownRegions = (
				en,
				Base,
			);
			mainGroup = 8D09709D1EA3CB5C002B7993;
			productRefGroup = 8D0970A71EA3CB5C002B7993 /* Products */;
			projectDirPath = "";
			projectRoot = "";
			targets = (
				8D0970A51EA3CB5C002B7993 /* FlappyBird */,
			);
		};
/* End PBXProject section */

/* Begin PBXResourcesBuildPhase section */
		8D0970A41EA3CB5C002B7993 /* Resources */ = {
			isa = PBXResourcesBuildPhase;
			buildActionMask = 2147483647;
			files = (
				8D0970B41EA3CB5C002B7993 /* LaunchScreen.storyboard in Resources */,
				8D0970B11EA3CB5C002B7993 /* Assets.xcassets in Resources */,
				8D0970AF1EA3CB5C002B7993 /* Main.storyboard in Resources */,
			);
			runOnlyForDeploymentPostprocessing = 0;
		};
/* End PBXResourcesBuildPhase section */

/* Begin PBXSourcesBuildPhase section */
		8D0970A21EA3CB5C002B7993 /* Sources */ = {
			isa = PBXSourcesBuildPhase;
			buildActionMask = 2147483647;
			files = (
				8D0970BF1EA3D28B002B7993 /* GameScene.swift in Sources */,
				8D0970AC1EA3CB5C002B7993 /* ViewController.swift in Sources */,
				8D0970AA1EA3CB5C002B7993 /* AppDelegate.swift in Sources */,
			);
			runOnlyForDeploymentPostprocessing = 0;
		};
/* End PBXSourcesBuildPhase section */

/* Begin PBXVariantGroup section */
		8D0970AD1EA3CB5C002B7993 /* Main.storyboard */ = {
			isa = PBXVariantGroup;
			children = (
				8D0970AE1EA3CB5C002B7993 /* Base */,
			);
			name = Main.storyboard;
			sourceTree = "<group>";
		};
		8D0970B21EA3CB5C002B7993 /* LaunchScreen.storyboard */ = {
			isa = PBXVariantGroup;
			children = (
				8D0970B31EA3CB5C002B7993 /* Base */,
			);
			name = LaunchScreen.storyboard;
			sourceTree = "<group>";
		};
/* End PBXVariantGroup section */

/* Begin XCBuildConfiguration section */
		8D0970B61EA3CB5C002B7993 /* Debug */ = {
			isa = XCBuildConfiguration;
			buildSettings = {
				ALWAYS_SEARCH_USER_PATHS = NO;
				CLANG_ANALYZER_NONNULL = YES;
				CLANG_ANALYZER_NUMBER_OBJECT_CONVERSION = YES_AGGRESSIVE;
				CLANG_CXX_LANGUAGE_STANDARD = "gnu++0x";
				CLANG_CXX_LIBRARY = "libc++";
				CLANG_ENABLE_MODULES = YES;
				CLANG_ENABLE_OBJC_ARC = YES;
				CLANG_WARN_BOOL_CONVERSION = YES;
				CLANG_WARN_CONSTANT_CONVERSION = YES;
				CLANG_WARN_DIRECT_OBJC_ISA_USAGE = YES_ERROR;
				CLANG_WARN_DOCUMENTATION_COMMENTS = YES;
				CLANG_WARN_EMPTY_BODY = YES;
				CLANG_WARN_ENUM_CONVERSION = YES;
				CLANG_WARN_INFINITE_RECURSION = YES;
				CLANG_WARN_INT_CONVERSION = YES;
				CLANG_WARN_OBJC_ROOT_CLASS = YES_ERROR;
				CLANG_WARN_SUSPICIOUS_MOVE = YES;
				CLANG_WARN_UNREACHABLE_CODE = YES;
				CLANG_WARN__DUPLICATE_METHOD_MATCH = YES;
				"CODE_SIGN_IDENTITY[sdk=iphoneos*]" = "iPhone Developer";
				COPY_PHASE_STRIP = NO;
				DEBUG_INFORMATION_FORMAT = dwarf;
				ENABLE_STRICT_OBJC_MSGSEND = YES;
				ENABLE_TESTABILITY = YES;
				GCC_C_LANGUAGE_STANDARD = gnu99;
				GCC_DYNAMIC_NO_PIC = NO;
				GCC_NO_COMMON_BLOCKS = YES;
				GCC_OPTIMIZATION_LEVEL = 0;
				GCC_PREPROCESSOR_DEFINITIONS = (
					"DEBUG=1",
					"$(inherited)",
				);
				GCC_WARN_64_TO_32_BIT_CONVERSION = YES;
				GCC_WARN_ABOUT_RETURN_TYPE = YES_ERROR;
				GCC_WARN_UNDECLARED_SELECTOR = YES;
				GCC_WARN_UNINITIALIZED_AUTOS = YES_AGGRESSIVE;
				GCC_WARN_UNUSED_FUNCTION = YES;
				GCC_WARN_UNUSED_VARIABLE = YES;
				IPHONEOS_DEPLOYMENT_TARGET = 10.3;
				MTL_ENABLE_DEBUG_INFO = YES;
				ONLY_ACTIVE_ARCH = YES;
				SDKROOT = iphoneos;
				SWIFT_ACTIVE_COMPILATION_CONDITIONS = DEBUG;
				SWIFT_OPTIMIZATION_LEVEL = "-Onone";
			};
			name = Debug;
		};
		8D0970B71EA3CB5C002B7993 /* Release */ = {
			isa = XCBuildConfiguration;
			buildSettings = {
				ALWAYS_SEARCH_USER_PATHS = NO;
				CLANG_ANALYZER_NONNULL = YES;
				CLANG_ANALYZER_NUMBER_OBJECT_CONVERSION = YES_AGGRESSIVE;
				CLANG_CXX_LANGUAGE_STANDARD = "gnu++0x";
				CLANG_CXX_LIBRARY = "libc++";
				CLANG_ENABLE_MODULES = YES;
				CLANG_ENABLE_OBJC_ARC = YES;
				CLANG_WARN_BOOL_CONVERSION = YES;
				CLANG_WARN_CONSTANT_CONVERSION = YES;
				CLANG_WARN_DIRECT_OBJC_ISA_USAGE = YES_ERROR;
				CLANG_WARN_DOCUMENTATION_COMMENTS = YES;
				CLANG_WARN_EMPTY_BODY = YES;
				CLANG_WARN_ENUM_CONVERSION = YES;
				CLANG_WARN_INFINITE_RECURSION = YES;
				CLANG_WARN_INT_CONVERSION = YES;
				CLANG_WARN_OBJC_ROOT_CLASS = YES_ERROR;
				CLANG_WARN_SUSPICIOUS_MOVE = YES;
				CLANG_WARN_UNREACHABLE_CODE = YES;
				CLANG_WARN__DUPLICATE_METHOD_MATCH = YES;
				"CODE_SIGN_IDENTITY[sdk=iphoneos*]" = "iPhone Developer";
				COPY_PHASE_STRIP = NO;
				DEBUG_INFORMATION_FORMAT = "dwarf-with-dsym";
				ENABLE_NS_ASSERTIONS = NO;
				ENABLE_STRICT_OBJC_MSGSEND = YES;
				GCC_C_LANGUAGE_STANDARD = gnu99;
				GCC_NO_COMMON_BLOCKS = YES;
				GCC_WARN_64_TO_32_BIT_CONVERSION = YES;
				GCC_WARN_ABOUT_RETURN_TYPE = YES_ERROR;
				GCC_WARN_UNDECLARED_SELECTOR = YES;
				GCC_WARN_UNINITIALIZED_AUTOS = YES_AGGRESSIVE;
				GCC_WARN_UNUSED_FUNCTION = YES;
				GCC_WARN_UNUSED_VARIABLE = YES;
				IPHONEOS_DEPLOYMENT_TARGET = 10.3;
				MTL_ENABLE_DEBUG_INFO = NO;
				SDKROOT = iphoneos;
				SWIFT_OPTIMIZATION_LEVEL = "-Owholemodule";
				VALIDATE_PRODUCT = YES;
			};
			name = Release;
		};
		8D0970B91EA3CB5C002B7993 /* Debug */ = {
			isa = XCBuildConfiguration;
			buildSettings = {
				ASSETCATALOG_COMPILER_APPICON_NAME = AppIcon;
				DEVELOPMENT_TEAM = 57323LB5J4;
				INFOPLIST_FILE = FlappyBird/Info.plist;
				LD_RUNPATH_SEARCH_PATHS = "$(inherited) @executable_path/Frameworks";
				PRODUCT_BUNDLE_IDENTIFIER = jp.techacademy.ryunosuke.muramatsu.FlappyBird;
				PRODUCT_NAME = "$(TARGET_NAME)";
				SWIFT_VERSION = 3.0;
			};
			name = Debug;
		};
		8D0970BA1EA3CB5C002B7993 /* Release */ = {
			isa = XCBuildConfiguration;
			buildSettings = {
				ASSETCATALOG_COMPILER_APPICON_NAME = AppIcon;
				DEVELOPMENT_TEAM = 57323LB5J4;
				INFOPLIST_FILE = FlappyBird/Info.plist;
				LD_RUNPATH_SEARCH_PATHS = "$(inherited) @executable_path/Frameworks";
				PRODUCT_BUNDLE_IDENTIFIER = jp.techacademy.ryunosuke.muramatsu.FlappyBird;
				PRODUCT_NAME = "$(TARGET_NAME)";
				SWIFT_VERSION = 3.0;
			};
			name = Release;
		};
/* End XCBuildConfiguration section */

/* Begin XCConfigurationList section */
		8D0970A11EA3CB5C002B7993 /* Build configuration list for PBXProject "FlappyBird" */ = {
			isa = XCConfigurationList;
			buildConfigurations = (
				8D0970B61EA3CB5C002B7993 /* Debug */,
				8D0970B71EA3CB5C002B7993 /* Release */,
			);
			defaultConfigurationIsVisible = 0;
			defaultConfigurationName = Release;
		};
		8D0970B81EA3CB5C002B7993 /* Build configuration list for PBXNativeTarget "FlappyBird" */ = {
			isa = XCConfigurationList;
			buildConfigurations = (
				8D0970B91EA3CB5C002B7993 /* Debug */,
				8D0970BA1EA3CB5C002B7993 /* Release */,
			);
			defaultConfigurationIsVisible = 0;
			defaultConfigurationName = Release;
		};
/* End XCConfigurationList section */
	};
	rootObject = 8D09709E1EA3CB5C002B7993 /* Project object */;
}
